
Microsoft Visual Studio Solution File, Format Version 12.00
# Visual Studio Version 17
VisualStudioVersion = 17.6.33815.320
MinimumVisualStudioVersion = 10.0.40219.1
Project("{FAE04EC0-301F-11D3-BF4B-00C04F79EFBC}") = "MaviGiyim", "MaviGiyim\MaviGiyim.csproj", "{BB07FCB5-D052-46A0-BC0D-BBD43800D95F}"
EndProject
Global
	GlobalSection(SolutionConfigurationPlatforms) = preSolution
		Debug|Any CPU = Debug|Any CPU
		Release|Any CPU = Release|Any CPU
	EndGlobalSection
	GlobalSection(ProjectConfigurationPlatforms) = postSolution
		{BB07FCB5-D052-46A0-BC0D-BBD43800D95F}.Debug|Any CPU.ActiveCfg = Debug|Any CPU
		{BB07FCB5-D052-46A0-BC0D-BBD43800D95F}.Debug|Any CPU.Build.0 = Debug|Any CPU
		{BB07FCB5-D052-46A0-BC0D-BBD43800D95F}.Release|Any CPU.ActiveCfg = Release|Any CPU
		{BB07FCB5-D052-46A0-BC0D-BBD43800D95F}.Release|Any CPU.Build.0 = Release|Any CPU
	EndGlobalSection
	GlobalSection(SolutionProperties) = preSolution
		HideSolutionNode = FALSE
	EndGlobalSection
	GlobalSection(ExtensibilityGlobals) = postSolution
		SolutionGuid = {AFC940E6-DC01-49C0-ACE1-8C3EFF1860F8}
	EndGlobalSection
EndGlobal
